// !$*UTF8*$!
{
	archiveVersion = 1;
	classes = {
	};
	objectVersion = 46;
	objects = {

/* Begin PBXBuildFile section */
		D0DF9F881C0FFBBF00CCF6AA /* SignUpButtonCell.m in Sources */ = {isa = PBXBuildFile; fileRef = D0DF9F861C0FFBBF00CCF6AA /* SignUpButtonCell.m */; };
		D0DF9F891C0FFBBF00CCF6AA /* SignUpButtonCell.xib in Resources */ = {isa = PBXBuildFile; fileRef = D0DF9F871C0FFBBF00CCF6AA /* SignUpButtonCell.xib */; };
		D0DF9F921C1023B600CCF6AA /* APIClient.m in Sources */ = {isa = PBXBuildFile; fileRef = D0DF9F911C1023B600CCF6AA /* APIClient.m */; };
		D0DF9F981C106D7200CCF6AA /* APIClient+SignUpAPI.m in Sources */ = {isa = PBXBuildFile; fileRef = D0DF9F971C106D7200CCF6AA /* APIClient+SignUpAPI.m */; };
		D0DF9F9B1C11558A00CCF6AA /* APIClient+SignInAPI.m in Sources */ = {isa = PBXBuildFile; fileRef = D0DF9F9A1C11558A00CCF6AA /* APIClient+SignInAPI.m */; };
		D0DF9F9E1C11576600CCF6AA /* UserDetails.m in Sources */ = {isa = PBXBuildFile; fileRef = D0DF9F9D1C11576600CCF6AA /* UserDetails.m */; };
		D0DF9FA11C11601E00CCF6AA /* SignInStatusVC.m in Sources */ = {isa = PBXBuildFile; fileRef = D0DF9FA01C11601E00CCF6AA /* SignInStatusVC.m */; };
		D0DF9FA41C1191DD00CCF6AA /* APIClient+ForgotPassword.m in Sources */ = {isa = PBXBuildFile; fileRef = D0DF9FA31C1191DD00CCF6AA /* APIClient+ForgotPassword.m */; };
		D0E535F01C05901C00C9CFA7 /* main.m in Sources */ = {isa = PBXBuildFile; fileRef = D0E535EF1C05901C00C9CFA7 /* main.m */; };
		D0E535F31C05901C00C9CFA7 /* AppDelegate.m in Sources */ = {isa = PBXBuildFile; fileRef = D0E535F21C05901C00C9CFA7 /* AppDelegate.m */; };
		D0E535F61C05901C00C9CFA7 /* WelcomeScreenController.m in Sources */ = {isa = PBXBuildFile; fileRef = D0E535F51C05901C00C9CFA7 /* WelcomeScreenController.m */; };
		D0E535F91C05901C00C9CFA7 /* Main.storyboard in Resources */ = {isa = PBXBuildFile; fileRef = D0E535F71C05901C00C9CFA7 /* Main.storyboard */; };
		D0E535FB1C05901C00C9CFA7 /* Images.xcassets in Resources */ = {isa = PBXBuildFile; fileRef = D0E535FA1C05901C00C9CFA7 /* Images.xcassets */; };
		D0E535FE1C05901C00C9CFA7 /* LaunchScreen.xib in Resources */ = {isa = PBXBuildFile; fileRef = D0E535FC1C05901C00C9CFA7 /* LaunchScreen.xib */; };
		D0E5360A1C05901C00C9CFA7 /* StipendTests.m in Sources */ = {isa = PBXBuildFile; fileRef = D0E536091C05901C00C9CFA7 /* StipendTests.m */; };
		D0E5362B1C05921400C9CFA7 /* Icon-29@2x.png in Resources */ = {isa = PBXBuildFile; fileRef = D0E536161C05921400C9CFA7 /* Icon-29@2x.png */; };
		D0E5362C1C05921400C9CFA7 /* Icon-29@3x.png in Resources */ = {isa = PBXBuildFile; fileRef = D0E536171C05921400C9CFA7 /* Icon-29@3x.png */; };
		D0E5362D1C05921400C9CFA7 /* Icon-40@2x.png in Resources */ = {isa = PBXBuildFile; fileRef = D0E536181C05921400C9CFA7 /* Icon-40@2x.png */; };
		D0E5362E1C05921400C9CFA7 /* Icon-40@3x.png in Resources */ = {isa = PBXBuildFile; fileRef = D0E536191C05921400C9CFA7 /* Icon-40@3x.png */; };
		D0E5362F1C05921400C9CFA7 /* Icon-60@2x.png in Resources */ = {isa = PBXBuildFile; fileRef = D0E5361A1C05921400C9CFA7 /* Icon-60@2x.png */; };
		D0E536301C05921400C9CFA7 /* Icon-60@3x.png in Resources */ = {isa = PBXBuildFile; fileRef = D0E5361B1C05921400C9CFA7 /* Icon-60@3x.png */; };
		D0E536311C05921400C9CFA7 /* Default-568h@2x.png in Resources */ = {isa = PBXBuildFile; fileRef = D0E5361D1C05921400C9CFA7 /* Default-568h@2x.png */; };
		D0E536321C05921400C9CFA7 /* Default-667h@2x.png in Resources */ = {isa = PBXBuildFile; fileRef = D0E5361E1C05921400C9CFA7 /* Default-667h@2x.png */; };
		D0E536331C05921400C9CFA7 /* Default-736h@3x.png in Resources */ = {isa = PBXBuildFile; fileRef = D0E5361F1C05921400C9CFA7 /* Default-736h@3x.png */; };
		D0E536341C05921400C9CFA7 /* Default@2x.png in Resources */ = {isa = PBXBuildFile; fileRef = D0E536201C05921400C9CFA7 /* Default@2x.png */; };
		D0E536351C05921400C9CFA7 /* about-logo.png in Resources */ = {isa = PBXBuildFile; fileRef = D0E536221C05921400C9CFA7 /* about-logo.png */; };
		D0E536361C05921400C9CFA7 /* about-logo@2x.png in Resources */ = {isa = PBXBuildFile; fileRef = D0E536231C05921400C9CFA7 /* about-logo@2x.png */; };
		D0E536371C05921400C9CFA7 /* about-logo@3x.png in Resources */ = {isa = PBXBuildFile; fileRef = D0E536241C05921400C9CFA7 /* about-logo@3x.png */; };
		D0E536381C05921400C9CFA7 /* connect-fb.png in Resources */ = {isa = PBXBuildFile; fileRef = D0E536251C05921400C9CFA7 /* connect-fb.png */; };
		D0E536391C05921400C9CFA7 /* connect-fb@2x.png in Resources */ = {isa = PBXBuildFile; fileRef = D0E536261C05921400C9CFA7 /* connect-fb@2x.png */; };
		D0E5363A1C05921400C9CFA7 /* connect-fb@3x.png in Resources */ = {isa = PBXBuildFile; fileRef = D0E536271C05921400C9CFA7 /* connect-fb@3x.png */; };
		D0E5363B1C05921400C9CFA7 /* connect-tw.png in Resources */ = {isa = PBXBuildFile; fileRef = D0E536281C05921400C9CFA7 /* connect-tw.png */; };
		D0E5363C1C05921400C9CFA7 /* connect-tw@2x.png in Resources */ = {isa = PBXBuildFile; fileRef = D0E536291C05921400C9CFA7 /* connect-tw@2x.png */; };
		D0E5363D1C05921400C9CFA7 /* connect-tw@3x.png in Resources */ = {isa = PBXBuildFile; fileRef = D0E5362A1C05921400C9CFA7 /* connect-tw@3x.png */; };
		D0E7D4F71C0C4FEA0099AACA /* SignInViewController.m in Sources */ = {isa = PBXBuildFile; fileRef = D0E7D4F61C0C4FEA0099AACA /* SignInViewController.m */; };
		D0E7D4FA1C0C5C670099AACA /* SignUpViewController.m in Sources */ = {isa = PBXBuildFile; fileRef = D0E7D4F91C0C5C670099AACA /* SignUpViewController.m */; };
		D0E7D4FE1C0D675A0099AACA /* EmailAddressCell.m in Sources */ = {isa = PBXBuildFile; fileRef = D0E7D4FC1C0D675A0099AACA /* EmailAddressCell.m */; };
		D0E7D4FF1C0D675A0099AACA /* EmailAddressCell.xib in Resources */ = {isa = PBXBuildFile; fileRef = D0E7D4FD1C0D675A0099AACA /* EmailAddressCell.xib */; };
		D0E7D5031C0D76D20099AACA /* PasswordCell.m in Sources */ = {isa = PBXBuildFile; fileRef = D0E7D5011C0D76D20099AACA /* PasswordCell.m */; };
		D0E7D5041C0D76D20099AACA /* PasswordCell.xib in Resources */ = {isa = PBXBuildFile; fileRef = D0E7D5021C0D76D20099AACA /* PasswordCell.xib */; };
		D0E7D50D1C0D945D0099AACA /* ForgotPasswordCell.m in Sources */ = {isa = PBXBuildFile; fileRef = D0E7D50B1C0D945D0099AACA /* ForgotPasswordCell.m */; };
		D0E7D50E1C0D945D0099AACA /* ForgotPasswordCell.xib in Resources */ = {isa = PBXBuildFile; fileRef = D0E7D50C1C0D945D0099AACA /* ForgotPasswordCell.xib */; };
		D0E7D5131C0D986F0099AACA /* SignInButtonCell.m in Sources */ = {isa = PBXBuildFile; fileRef = D0E7D5111C0D986F0099AACA /* SignInButtonCell.m */; };
		D0E7D5141C0D986F0099AACA /* SignInButtonCell.xib in Resources */ = {isa = PBXBuildFile; fileRef = D0E7D5121C0D986F0099AACA /* SignInButtonCell.xib */; };
		D0E7D5181C0DA38D0099AACA /* Validations.m in Sources */ = {isa = PBXBuildFile; fileRef = D0E7D5171C0DA38D0099AACA /* Validations.m */; };
		D0E7D5201C0EAB2D0099AACA /* NameViewCell.m in Sources */ = {isa = PBXBuildFile; fileRef = D0E7D51E1C0EAB2D0099AACA /* NameViewCell.m */; };
		D0E7D5211C0EAB2D0099AACA /* NameViewCell.xib in Resources */ = {isa = PBXBuildFile; fileRef = D0E7D51F1C0EAB2D0099AACA /* NameViewCell.xib */; };
		D0E7D5251C0EDE290099AACA /* ForgotPasswordViewController.m in Sources */ = {isa = PBXBuildFile; fileRef = D0E7D5241C0EDE290099AACA /* ForgotPasswordViewController.m */; };
/* End PBXBuildFile section */

/* Begin PBXContainerItemProxy section */
		D0E536041C05901C00C9CFA7 /* PBXContainerItemProxy */ = {
			isa = PBXContainerItemProxy;
			containerPortal = D0E535E21C05901B00C9CFA7 /* Project object */;
			proxyType = 1;
			remoteGlobalIDString = D0E535E91C05901C00C9CFA7;
			remoteInfo = Stipend;
		};
/* End PBXContainerItemProxy section */

/* Begin PBXFileReference section */
		D0DF9F851C0FFBBF00CCF6AA /* SignUpButtonCell.h */ = {isa = PBXFileReference; fileEncoding = 4; lastKnownFileType = sourcecode.c.h; path = SignUpButtonCell.h; sourceTree = "<group>"; };
		D0DF9F861C0FFBBF00CCF6AA /* SignUpButtonCell.m */ = {isa = PBXFileReference; fileEncoding = 4; lastKnownFileType = sourcecode.c.objc; path = SignUpButtonCell.m; sourceTree = "<group>"; };
		D0DF9F871C0FFBBF00CCF6AA /* SignUpButtonCell.xib */ = {isa = PBXFileReference; fileEncoding = 4; lastKnownFileType = file.xib; path = SignUpButtonCell.xib; sourceTree = "<group>"; };
		D0DF9F901C1023B600CCF6AA /* APIClient.h */ = {isa = PBXFileReference; fileEncoding = 4; lastKnownFileType = sourcecode.c.h; path = APIClient.h; sourceTree = "<group>"; };
		D0DF9F911C1023B600CCF6AA /* APIClient.m */ = {isa = PBXFileReference; fileEncoding = 4; lastKnownFileType = sourcecode.c.objc; path = APIClient.m; sourceTree = "<group>"; };
		D0DF9F961C106D7200CCF6AA /* APIClient+SignUpAPI.h */ = {isa = PBXFileReference; fileEncoding = 4; lastKnownFileType = sourcecode.c.h; path = "APIClient+SignUpAPI.h"; sourceTree = "<group>"; };
		D0DF9F971C106D7200CCF6AA /* APIClient+SignUpAPI.m */ = {isa = PBXFileReference; fileEncoding = 4; lastKnownFileType = sourcecode.c.objc; path = "APIClient+SignUpAPI.m"; sourceTree = "<group>"; };
		D0DF9F991C11558A00CCF6AA /* APIClient+SignInAPI.h */ = {isa = PBXFileReference; fileEncoding = 4; lastKnownFileType = sourcecode.c.h; path = "APIClient+SignInAPI.h"; sourceTree = "<group>"; };
		D0DF9F9A1C11558A00CCF6AA /* APIClient+SignInAPI.m */ = {isa = PBXFileReference; fileEncoding = 4; lastKnownFileType = sourcecode.c.objc; path = "APIClient+SignInAPI.m"; sourceTree = "<group>"; };
		D0DF9F9C1C11576600CCF6AA /* UserDetails.h */ = {isa = PBXFileReference; fileEncoding = 4; lastKnownFileType = sourcecode.c.h; path = UserDetails.h; sourceTree = "<group>"; };
		D0DF9F9D1C11576600CCF6AA /* UserDetails.m */ = {isa = PBXFileReference; fileEncoding = 4; lastKnownFileType = sourcecode.c.objc; path = UserDetails.m; sourceTree = "<group>"; };
		D0DF9F9F1C11601E00CCF6AA /* SignInStatusVC.h */ = {isa = PBXFileReference; fileEncoding = 4; lastKnownFileType = sourcecode.c.h; path = SignInStatusVC.h; sourceTree = "<group>"; };
		D0DF9FA01C11601E00CCF6AA /* SignInStatusVC.m */ = {isa = PBXFileReference; fileEncoding = 4; lastKnownFileType = sourcecode.c.objc; path = SignInStatusVC.m; sourceTree = "<group>"; };
		D0DF9FA21C1191DD00CCF6AA /* APIClient+ForgotPassword.h */ = {isa = PBXFileReference; fileEncoding = 4; lastKnownFileType = sourcecode.c.h; path = "APIClient+ForgotPassword.h"; sourceTree = "<group>"; };
		D0DF9FA31C1191DD00CCF6AA /* APIClient+ForgotPassword.m */ = {isa = PBXFileReference; fileEncoding = 4; lastKnownFileType = sourcecode.c.objc; path = "APIClient+ForgotPassword.m"; sourceTree = "<group>"; };
		D0E535EA1C05901C00C9CFA7 /* Stipend.app */ = {isa = PBXFileReference; explicitFileType = wrapper.application; includeInIndex = 0; path = Stipend.app; sourceTree = BUILT_PRODUCTS_DIR; };
		D0E535EE1C05901C00C9CFA7 /* Info.plist */ = {isa = PBXFileReference; lastKnownFileType = text.plist.xml; path = Info.plist; sourceTree = "<group>"; };
		D0E535EF1C05901C00C9CFA7 /* main.m */ = {isa = PBXFileReference; lastKnownFileType = sourcecode.c.objc; path = main.m; sourceTree = "<group>"; };
		D0E535F11C05901C00C9CFA7 /* AppDelegate.h */ = {isa = PBXFileReference; lastKnownFileType = sourcecode.c.h; path = AppDelegate.h; sourceTree = "<group>"; };
		D0E535F21C05901C00C9CFA7 /* AppDelegate.m */ = {isa = PBXFileReference; lastKnownFileType = sourcecode.c.objc; path = AppDelegate.m; sourceTree = "<group>"; };
		D0E535F41C05901C00C9CFA7 /* WelcomeScreenController.h */ = {isa = PBXFileReference; lastKnownFileType = sourcecode.c.h; path = WelcomeScreenController.h; sourceTree = "<group>"; };
		D0E535F51C05901C00C9CFA7 /* WelcomeScreenController.m */ = {isa = PBXFileReference; lastKnownFileType = sourcecode.c.objc; path = WelcomeScreenController.m; sourceTree = "<group>"; };
		D0E535F81C05901C00C9CFA7 /* Base */ = {isa = PBXFileReference; lastKnownFileType = file.storyboard; name = Base; path = Base.lproj/Main.storyboard; sourceTree = "<group>"; };
		D0E535FA1C05901C00C9CFA7 /* Images.xcassets */ = {isa = PBXFileReference; lastKnownFileType = folder.assetcatalog; path = Images.xcassets; sourceTree = "<group>"; };
		D0E535FD1C05901C00C9CFA7 /* Base */ = {isa = PBXFileReference; lastKnownFileType = file.xib; name = Base; path = Base.lproj/LaunchScreen.xib; sourceTree = "<group>"; };
		D0E536031C05901C00C9CFA7 /* StipendTests.xctest */ = {isa = PBXFileReference; explicitFileType = wrapper.cfbundle; includeInIndex = 0; path = StipendTests.xctest; sourceTree = BUILT_PRODUCTS_DIR; };
		D0E536081C05901C00C9CFA7 /* Info.plist */ = {isa = PBXFileReference; lastKnownFileType = text.plist.xml; path = Info.plist; sourceTree = "<group>"; };
		D0E536091C05901C00C9CFA7 /* StipendTests.m */ = {isa = PBXFileReference; lastKnownFileType = sourcecode.c.objc; path = StipendTests.m; sourceTree = "<group>"; };
		D0E536161C05921400C9CFA7 /* Icon-29@2x.png */ = {isa = PBXFileReference; lastKnownFileType = image.png; path = "Icon-29@2x.png"; sourceTree = "<group>"; };
		D0E536171C05921400C9CFA7 /* Icon-29@3x.png */ = {isa = PBXFileReference; lastKnownFileType = image.png; path = "Icon-29@3x.png"; sourceTree = "<group>"; };
		D0E536181C05921400C9CFA7 /* Icon-40@2x.png */ = {isa = PBXFileReference; lastKnownFileType = image.png; path = "Icon-40@2x.png"; sourceTree = "<group>"; };
		D0E536191C05921400C9CFA7 /* Icon-40@3x.png */ = {isa = PBXFileReference; lastKnownFileType = image.png; path = "Icon-40@3x.png"; sourceTree = "<group>"; };
		D0E5361A1C05921400C9CFA7 /* Icon-60@2x.png */ = {isa = PBXFileReference; lastKnownFileType = image.png; path = "Icon-60@2x.png"; sourceTree = "<group>"; };
		D0E5361B1C05921400C9CFA7 /* Icon-60@3x.png */ = {isa = PBXFileReference; lastKnownFileType = image.png; path = "Icon-60@3x.png"; sourceTree = "<group>"; };
		D0E5361D1C05921400C9CFA7 /* Default-568h@2x.png */ = {isa = PBXFileReference; lastKnownFileType = image.png; path = "Default-568h@2x.png"; sourceTree = "<group>"; };
		D0E5361E1C05921400C9CFA7 /* Default-667h@2x.png */ = {isa = PBXFileReference; lastKnownFileType = image.png; path = "Default-667h@2x.png"; sourceTree = "<group>"; };
		D0E5361F1C05921400C9CFA7 /* Default-736h@3x.png */ = {isa = PBXFileReference; lastKnownFileType = image.png; path = "Default-736h@3x.png"; sourceTree = "<group>"; };
		D0E536201C05921400C9CFA7 /* Default@2x.png */ = {isa = PBXFileReference; lastKnownFileType = image.png; path = "Default@2x.png"; sourceTree = "<group>"; };
		D0E536221C05921400C9CFA7 /* about-logo.png */ = {isa = PBXFileReference; lastKnownFileType = image.png; path = "about-logo.png"; sourceTree = "<group>"; };
		D0E536231C05921400C9CFA7 /* about-logo@2x.png */ = {isa = PBXFileReference; lastKnownFileType = image.png; path = "about-logo@2x.png"; sourceTree = "<group>"; };
		D0E536241C05921400C9CFA7 /* about-logo@3x.png */ = {isa = PBXFileReference; lastKnownFileType = image.png; path = "about-logo@3x.png"; sourceTree = "<group>"; };
		D0E536251C05921400C9CFA7 /* connect-fb.png */ = {isa = PBXFileReference; lastKnownFileType = image.png; path = "connect-fb.png"; sourceTree = "<group>"; };
		D0E536261C05921400C9CFA7 /* connect-fb@2x.png */ = {isa = PBXFileReference; lastKnownFileType = image.png; path = "connect-fb@2x.png"; sourceTree = "<group>"; };
		D0E536271C05921400C9CFA7 /* connect-fb@3x.png */ = {isa = PBXFileReference; lastKnownFileType = image.png; path = "connect-fb@3x.png"; sourceTree = "<group>"; };
		D0E536281C05921400C9CFA7 /* connect-tw.png */ = {isa = PBXFileReference; lastKnownFileType = image.png; path = "connect-tw.png"; sourceTree = "<group>"; };
		D0E536291C05921400C9CFA7 /* connect-tw@2x.png */ = {isa = PBXFileReference; lastKnownFileType = image.png; path = "connect-tw@2x.png"; sourceTree = "<group>"; };
		D0E5362A1C05921400C9CFA7 /* connect-tw@3x.png */ = {isa = PBXFileReference; lastKnownFileType = image.png; path = "connect-tw@3x.png"; sourceTree = "<group>"; };
		D0E7D4F51C0C4FEA0099AACA /* SignInViewController.h */ = {isa = PBXFileReference; fileEncoding = 4; lastKnownFileType = sourcecode.c.h; path = SignInViewController.h; sourceTree = "<group>"; };
		D0E7D4F61C0C4FEA0099AACA /* SignInViewController.m */ = {isa = PBXFileReference; fileEncoding = 4; lastKnownFileType = sourcecode.c.objc; path = SignInViewController.m; sourceTree = "<group>"; };
		D0E7D4F81C0C5C670099AACA /* SignUpViewController.h */ = {isa = PBXFileReference; fileEncoding = 4; lastKnownFileType = sourcecode.c.h; path = SignUpViewController.h; sourceTree = "<group>"; };
		D0E7D4F91C0C5C670099AACA /* SignUpViewController.m */ = {isa = PBXFileReference; fileEncoding = 4; lastKnownFileType = sourcecode.c.objc; path = SignUpViewController.m; sourceTree = "<group>"; };
		D0E7D4FB1C0D675A0099AACA /* EmailAddressCell.h */ = {isa = PBXFileReference; fileEncoding = 4; lastKnownFileType = sourcecode.c.h; path = EmailAddressCell.h; sourceTree = "<group>"; };
		D0E7D4FC1C0D675A0099AACA /* EmailAddressCell.m */ = {isa = PBXFileReference; fileEncoding = 4; lastKnownFileType = sourcecode.c.objc; path = EmailAddressCell.m; sourceTree = "<group>"; };
		D0E7D4FD1C0D675A0099AACA /* EmailAddressCell.xib */ = {isa = PBXFileReference; fileEncoding = 4; lastKnownFileType = file.xib; path = EmailAddressCell.xib; sourceTree = "<group>"; };
		D0E7D5001C0D76D20099AACA /* PasswordCell.h */ = {isa = PBXFileReference; fileEncoding = 4; lastKnownFileType = sourcecode.c.h; path = PasswordCell.h; sourceTree = "<group>"; };
		D0E7D5011C0D76D20099AACA /* PasswordCell.m */ = {isa = PBXFileReference; fileEncoding = 4; lastKnownFileType = sourcecode.c.objc; path = PasswordCell.m; sourceTree = "<group>"; };
		D0E7D5021C0D76D20099AACA /* PasswordCell.xib */ = {isa = PBXFileReference; fileEncoding = 4; lastKnownFileType = file.xib; path = PasswordCell.xib; sourceTree = "<group>"; };
		D0E7D50A1C0D945D0099AACA /* ForgotPasswordCell.h */ = {isa = PBXFileReference; fileEncoding = 4; lastKnownFileType = sourcecode.c.h; path = ForgotPasswordCell.h; sourceTree = "<group>"; };
		D0E7D50B1C0D945D0099AACA /* ForgotPasswordCell.m */ = {isa = PBXFileReference; fileEncoding = 4; lastKnownFileType = sourcecode.c.objc; path = ForgotPasswordCell.m; sourceTree = "<group>"; };
		D0E7D50C1C0D945D0099AACA /* ForgotPasswordCell.xib */ = {isa = PBXFileReference; fileEncoding = 4; lastKnownFileType = file.xib; path = ForgotPasswordCell.xib; sourceTree = "<group>"; };
		D0E7D5101C0D986F0099AACA /* SignInButtonCell.h */ = {isa = PBXFileReference; fileEncoding = 4; lastKnownFileType = sourcecode.c.h; path = SignInButtonCell.h; sourceTree = "<group>"; };
		D0E7D5111C0D986F0099AACA /* SignInButtonCell.m */ = {isa = PBXFileReference; fileEncoding = 4; lastKnownFileType = sourcecode.c.objc; path = SignInButtonCell.m; sourceTree = "<group>"; };
		D0E7D5121C0D986F0099AACA /* SignInButtonCell.xib */ = {isa = PBXFileReference; fileEncoding = 4; lastKnownFileType = file.xib; path = SignInButtonCell.xib; sourceTree = "<group>"; };
		D0E7D5161C0DA38D0099AACA /* Validations.h */ = {isa = PBXFileReference; fileEncoding = 4; lastKnownFileType = sourcecode.c.h; path = Validations.h; sourceTree = "<group>"; };
		D0E7D5171C0DA38D0099AACA /* Validations.m */ = {isa = PBXFileReference; fileEncoding = 4; lastKnownFileType = sourcecode.c.objc; path = Validations.m; sourceTree = "<group>"; };
		D0E7D51D1C0EAB2D0099AACA /* NameViewCell.h */ = {isa = PBXFileReference; fileEncoding = 4; lastKnownFileType = sourcecode.c.h; path = NameViewCell.h; sourceTree = "<group>"; };
		D0E7D51E1C0EAB2D0099AACA /* NameViewCell.m */ = {isa = PBXFileReference; fileEncoding = 4; lastKnownFileType = sourcecode.c.objc; path = NameViewCell.m; sourceTree = "<group>"; };
		D0E7D51F1C0EAB2D0099AACA /* NameViewCell.xib */ = {isa = PBXFileReference; fileEncoding = 4; lastKnownFileType = file.xib; path = NameViewCell.xib; sourceTree = "<group>"; };
		D0E7D5231C0EDE290099AACA /* ForgotPasswordViewController.h */ = {isa = PBXFileReference; fileEncoding = 4; lastKnownFileType = sourcecode.c.h; path = ForgotPasswordViewController.h; sourceTree = "<group>"; };
		D0E7D5241C0EDE290099AACA /* ForgotPasswordViewController.m */ = {isa = PBXFileReference; fileEncoding = 4; lastKnownFileType = sourcecode.c.objc; path = ForgotPasswordViewController.m; sourceTree = "<group>"; };
/* End PBXFileReference section */

/* Begin PBXFrameworksBuildPhase section */
		D0E535E71C05901C00C9CFA7 /* Frameworks */ = {
			isa = PBXFrameworksBuildPhase;
			buildActionMask = 2147483647;
			files = (
			);
			runOnlyForDeploymentPostprocessing = 0;
		};
		D0E536001C05901C00C9CFA7 /* Frameworks */ = {
			isa = PBXFrameworksBuildPhase;
			buildActionMask = 2147483647;
			files = (
			);
			runOnlyForDeploymentPostprocessing = 0;
		};
/* End PBXFrameworksBuildPhase section */

/* Begin PBXGroup section */
		D0DF9F8A1C0FFD0700CCF6AA /* SignUpButtonCell */ = {
			isa = PBXGroup;
			children = (
				D0DF9F851C0FFBBF00CCF6AA /* SignUpButtonCell.h */,
				D0DF9F861C0FFBBF00CCF6AA /* SignUpButtonCell.m */,
				D0DF9F871C0FFBBF00CCF6AA /* SignUpButtonCell.xib */,
			);
			name = SignUpButtonCell;
			sourceTree = "<group>";
		};
		D0DF9F8F1C10238000CCF6AA /* API */ = {
			isa = PBXGroup;
			children = (
				D0DF9F901C1023B600CCF6AA /* APIClient.h */,
				D0DF9F911C1023B600CCF6AA /* APIClient.m */,
				D0DF9FA21C1191DD00CCF6AA /* APIClient+ForgotPassword.h */,
				D0DF9FA31C1191DD00CCF6AA /* APIClient+ForgotPassword.m */,
				D0DF9F961C106D7200CCF6AA /* APIClient+SignUpAPI.h */,
				D0DF9F971C106D7200CCF6AA /* APIClient+SignUpAPI.m */,
				D0DF9F991C11558A00CCF6AA /* APIClient+SignInAPI.h */,
				D0DF9F9A1C11558A00CCF6AA /* APIClient+SignInAPI.m */,
			);
			name = API;
			sourceTree = "<group>";
		};
		D0E535E11C05901B00C9CFA7 = {
			isa = PBXGroup;
			children = (
				D0DF9F9C1C11576600CCF6AA /* UserDetails.h */,
				D0DF9F9D1C11576600CCF6AA /* UserDetails.m */,
				D0DF9F8F1C10238000CCF6AA /* API */,
				D0DF9F8A1C0FFD0700CCF6AA /* SignUpButtonCell */,
				D0E7D5221C0EDDFF0099AACA /* ForgotPasswordVC */,
				D0E7D5191C0DB1D00099AACA /* Name Cell */,
				D0E7D5151C0DA3690099AACA /* Validations */,
				D0E7D50F1C0D98450099AACA /* SignInButtonCell */,
				D0E7D5091C0D943C0099AACA /* ForgotPasswordCell */,
				D0E7D5081C0D85A40099AACA /* SignUp */,
				D0E7D5071C0D85940099AACA /* SignIn */,
				D0E7D5061C0D85350099AACA /* PasswordCell */,
				D0E7D5051C0D851C0099AACA /* EmailAddressCell */,
				D0E535EC1C05901C00C9CFA7 /* Stipend */,
				D0E536061C05901C00C9CFA7 /* StipendTests */,
				D0E535EB1C05901C00C9CFA7 /* Products */,
			);
			sourceTree = "<group>";
		};
		D0E535EB1C05901C00C9CFA7 /* Products */ = {
			isa = PBXGroup;
			children = (
				D0E535EA1C05901C00C9CFA7 /* Stipend.app */,
				D0E536031C05901C00C9CFA7 /* StipendTests.xctest */,
			);
			name = Products;
			sourceTree = "<group>";
		};
		D0E535EC1C05901C00C9CFA7 /* Stipend */ = {
			isa = PBXGroup;
			children = (
				D0E535F11C05901C00C9CFA7 /* AppDelegate.h */,
				D0E535F21C05901C00C9CFA7 /* AppDelegate.m */,
				D0E535F41C05901C00C9CFA7 /* WelcomeScreenController.h */,
				D0E535F51C05901C00C9CFA7 /* WelcomeScreenController.m */,
				D0E535F71C05901C00C9CFA7 /* Main.storyboard */,
				D0E535FA1C05901C00C9CFA7 /* Images.xcassets */,
				D0E535FC1C05901C00C9CFA7 /* LaunchScreen.xib */,
				D0E535ED1C05901C00C9CFA7 /* Supporting Files */,
			);
			path = Stipend;
			sourceTree = "<group>";
		};
		D0E535ED1C05901C00C9CFA7 /* Supporting Files */ = {
			isa = PBXGroup;
			children = (
				D0E536131C0591B700C9CFA7 /* Resources */,
				D0E535EE1C05901C00C9CFA7 /* Info.plist */,
				D0E535EF1C05901C00C9CFA7 /* main.m */,
			);
			name = "Supporting Files";
			sourceTree = "<group>";
		};
		D0E536061C05901C00C9CFA7 /* StipendTests */ = {
			isa = PBXGroup;
			children = (
				D0E536091C05901C00C9CFA7 /* StipendTests.m */,
				D0E536071C05901C00C9CFA7 /* Supporting Files */,
			);
			path = StipendTests;
			sourceTree = "<group>";
		};
		D0E536071C05901C00C9CFA7 /* Supporting Files */ = {
			isa = PBXGroup;
			children = (
				D0E536081C05901C00C9CFA7 /* Info.plist */,
			);
			name = "Supporting Files";
			sourceTree = "<group>";
		};
		D0E536131C0591B700C9CFA7 /* Resources */ = {
			isa = PBXGroup;
			children = (
				D0E536141C05921400C9CFA7 /* Images */,
			);
			name = Resources;
			sourceTree = "<group>";
		};
		D0E536141C05921400C9CFA7 /* Images */ = {
			isa = PBXGroup;
			children = (
				D0E536151C05921400C9CFA7 /* App Icon */,
				D0E5361C1C05921400C9CFA7 /* Splash Screen */,
				D0E536211C05921400C9CFA7 /* Welcome Screen */,
			);
			path = Images;
			sourceTree = "<group>";
		};
		D0E536151C05921400C9CFA7 /* App Icon */ = {
			isa = PBXGroup;
			children = (
				D0E536161C05921400C9CFA7 /* Icon-29@2x.png */,
				D0E536171C05921400C9CFA7 /* Icon-29@3x.png */,
				D0E536181C05921400C9CFA7 /* Icon-40@2x.png */,
				D0E536191C05921400C9CFA7 /* Icon-40@3x.png */,
				D0E5361A1C05921400C9CFA7 /* Icon-60@2x.png */,
				D0E5361B1C05921400C9CFA7 /* Icon-60@3x.png */,
			);
			path = "App Icon";
			sourceTree = "<group>";
		};
		D0E5361C1C05921400C9CFA7 /* Splash Screen */ = {
			isa = PBXGroup;
			children = (
				D0E5361D1C05921400C9CFA7 /* Default-568h@2x.png */,
				D0E5361E1C05921400C9CFA7 /* Default-667h@2x.png */,
				D0E5361F1C05921400C9CFA7 /* Default-736h@3x.png */,
				D0E536201C05921400C9CFA7 /* Default@2x.png */,
			);
			path = "Splash Screen";
			sourceTree = "<group>";
		};
		D0E536211C05921400C9CFA7 /* Welcome Screen */ = {
			isa = PBXGroup;
			children = (
				D0E536221C05921400C9CFA7 /* about-logo.png */,
				D0E536231C05921400C9CFA7 /* about-logo@2x.png */,
				D0E536241C05921400C9CFA7 /* about-logo@3x.png */,
				D0E536251C05921400C9CFA7 /* connect-fb.png */,
				D0E536261C05921400C9CFA7 /* connect-fb@2x.png */,
				D0E536271C05921400C9CFA7 /* connect-fb@3x.png */,
				D0E536281C05921400C9CFA7 /* connect-tw.png */,
				D0E536291C05921400C9CFA7 /* connect-tw@2x.png */,
				D0E5362A1C05921400C9CFA7 /* connect-tw@3x.png */,
			);
			path = "Welcome Screen";
			sourceTree = "<group>";
		};
		D0E7D5051C0D851C0099AACA /* EmailAddressCell */ = {
			isa = PBXGroup;
			children = (
				D0E7D4FB1C0D675A0099AACA /* EmailAddressCell.h */,
				D0E7D4FC1C0D675A0099AACA /* EmailAddressCell.m */,
				D0E7D4FD1C0D675A0099AACA /* EmailAddressCell.xib */,
			);
			name = EmailAddressCell;
			sourceTree = "<group>";
		};
		D0E7D5061C0D85350099AACA /* PasswordCell */ = {
			isa = PBXGroup;
			children = (
				D0E7D5001C0D76D20099AACA /* PasswordCell.h */,
				D0E7D5011C0D76D20099AACA /* PasswordCell.m */,
				D0E7D5021C0D76D20099AACA /* PasswordCell.xib */,
			);
			name = PasswordCell;
			sourceTree = "<group>";
		};
		D0E7D5071C0D85940099AACA /* SignIn */ = {
			isa = PBXGroup;
			children = (
				D0E7D4F51C0C4FEA0099AACA /* SignInViewController.h */,
				D0E7D4F61C0C4FEA0099AACA /* SignInViewController.m */,
				D0DF9F9F1C11601E00CCF6AA /* SignInStatusVC.h */,
				D0DF9FA01C11601E00CCF6AA /* SignInStatusVC.m */,
			);
			name = SignIn;
			sourceTree = "<group>";
		};
		D0E7D5081C0D85A40099AACA /* SignUp */ = {
			isa = PBXGroup;
			children = (
				D0E7D4F81C0C5C670099AACA /* SignUpViewController.h */,
				D0E7D4F91C0C5C670099AACA /* SignUpViewController.m */,
			);
			name = SignUp;
			sourceTree = "<group>";
		};
		D0E7D5091C0D943C0099AACA /* ForgotPasswordCell */ = {
			isa = PBXGroup;
			children = (
				D0E7D50A1C0D945D0099AACA /* ForgotPasswordCell.h */,
				D0E7D50B1C0D945D0099AACA /* ForgotPasswordCell.m */,
				D0E7D50C1C0D945D0099AACA /* ForgotPasswordCell.xib */,
			);
			name = ForgotPasswordCell;
			sourceTree = "<group>";
		};
		D0E7D50F1C0D98450099AACA /* SignInButtonCell */ = {
			isa = PBXGroup;
			children = (
				D0E7D5101C0D986F0099AACA /* SignInButtonCell.h */,
				D0E7D5111C0D986F0099AACA /* SignInButtonCell.m */,
				D0E7D5121C0D986F0099AACA /* SignInButtonCell.xib */,
			);
			name = SignInButtonCell;
			sourceTree = "<group>";
		};
		D0E7D5151C0DA3690099AACA /* Validations */ = {
			isa = PBXGroup;
			children = (
				D0E7D5161C0DA38D0099AACA /* Validations.h */,
				D0E7D5171C0DA38D0099AACA /* Validations.m */,
			);
			name = Validations;
			sourceTree = "<group>";
		};
		D0E7D5191C0DB1D00099AACA /* Name Cell */ = {
			isa = PBXGroup;
			children = (
				D0E7D51D1C0EAB2D0099AACA /* NameViewCell.h */,
				D0E7D51E1C0EAB2D0099AACA /* NameViewCell.m */,
				D0E7D51F1C0EAB2D0099AACA /* NameViewCell.xib */,
			);
			name = "Name Cell";
			sourceTree = "<group>";
		};
		D0E7D5221C0EDDFF0099AACA /* ForgotPasswordVC */ = {
			isa = PBXGroup;
			children = (
				D0E7D5231C0EDE290099AACA /* ForgotPasswordViewController.h */,
				D0E7D5241C0EDE290099AACA /* ForgotPasswordViewController.m */,
			);
			name = ForgotPasswordVC;
			sourceTree = "<group>";
		};
/* End PBXGroup section */

/* Begin PBXNativeTarget section */
		D0E535E91C05901C00C9CFA7 /* Stipend */ = {
			isa = PBXNativeTarget;
			buildConfigurationList = D0E5360D1C05901C00C9CFA7 /* Build configuration list for PBXNativeTarget "Stipend" */;
			buildPhases = (
				D0E535E61C05901C00C9CFA7 /* Sources */,
				D0E535E71C05901C00C9CFA7 /* Frameworks */,
				D0E535E81C05901C00C9CFA7 /* Resources */,
			);
			buildRules = (
			);
			dependencies = (
			);
			name = Stipend;
			productName = Stipend;
			productReference = D0E535EA1C05901C00C9CFA7 /* Stipend.app */;
			productType = "com.apple.product-type.application";
		};
		D0E536021C05901C00C9CFA7 /* StipendTests */ = {
			isa = PBXNativeTarget;
			buildConfigurationList = D0E536101C05901C00C9CFA7 /* Build configuration list for PBXNativeTarget "StipendTests" */;
			buildPhases = (
				D0E535FF1C05901C00C9CFA7 /* Sources */,
				D0E536001C05901C00C9CFA7 /* Frameworks */,
				D0E536011C05901C00C9CFA7 /* Resources */,
			);
			buildRules = (
			);
			dependencies = (
				D0E536051C05901C00C9CFA7 /* PBXTargetDependency */,
			);
			name = StipendTests;
			productName = StipendTests;
			productReference = D0E536031C05901C00C9CFA7 /* StipendTests.xctest */;
			productType = "com.apple.product-type.bundle.unit-test";
		};
/* End PBXNativeTarget section */

/* Begin PBXProject section */
		D0E535E21C05901B00C9CFA7 /* Project object */ = {
			isa = PBXProject;
			attributes = {
				LastUpgradeCheck = 0640;
				ORGANIZATIONNAME = Sourcebits;
				TargetAttributes = {
					D0E535E91C05901C00C9CFA7 = {
						CreatedOnToolsVersion = 6.4;
					};
					D0E536021C05901C00C9CFA7 = {
						CreatedOnToolsVersion = 6.4;
						TestTargetID = D0E535E91C05901C00C9CFA7;
					};
				};
			};
			buildConfigurationList = D0E535E51C05901B00C9CFA7 /* Build configuration list for PBXProject "Stipend" */;
			compatibilityVersion = "Xcode 3.2";
			developmentRegion = English;
			hasScannedForEncodings = 0;
			knownRegions = (
				en,
				Base,
			);
			mainGroup = D0E535E11C05901B00C9CFA7;
			productRefGroup = D0E535EB1C05901C00C9CFA7 /* Products */;
			projectDirPath = "";
			projectRoot = "";
			targets = (
				D0E535E91C05901C00C9CFA7 /* Stipend */,
				D0E536021C05901C00C9CFA7 /* StipendTests */,
			);
		};
/* End PBXProject section */

/* Begin PBXResourcesBuildPhase section */
		D0E535E81C05901C00C9CFA7 /* Resources */ = {
			isa = PBXResourcesBuildPhase;
			buildActionMask = 2147483647;
			files = (
				D0E536381C05921400C9CFA7 /* connect-fb.png in Resources */,
				D0E5362B1C05921400C9CFA7 /* Icon-29@2x.png in Resources */,
				D0E535F91C05901C00C9CFA7 /* Main.storyboard in Resources */,
				D0E536351C05921400C9CFA7 /* about-logo.png in Resources */,
				D0E535FE1C05901C00C9CFA7 /* LaunchScreen.xib in Resources */,
				D0E5363D1C05921400C9CFA7 /* connect-tw@3x.png in Resources */,
				D0E536311C05921400C9CFA7 /* Default-568h@2x.png in Resources */,
				D0DF9F891C0FFBBF00CCF6AA /* SignUpButtonCell.xib in Resources */,
				D0E536361C05921400C9CFA7 /* about-logo@2x.png in Resources */,
				D0E5363B1C05921400C9CFA7 /* connect-tw.png in Resources */,
				D0E536391C05921400C9CFA7 /* connect-fb@2x.png in Resources */,
				D0E536341C05921400C9CFA7 /* Default@2x.png in Resources */,
				D0E5363A1C05921400C9CFA7 /* connect-fb@3x.png in Resources */,
				D0E5362D1C05921400C9CFA7 /* Icon-40@2x.png in Resources */,
				D0E536371C05921400C9CFA7 /* about-logo@3x.png in Resources */,
				D0E5362C1C05921400C9CFA7 /* Icon-29@3x.png in Resources */,
				D0E5362E1C05921400C9CFA7 /* Icon-40@3x.png in Resources */,
				D0E536301C05921400C9CFA7 /* Icon-60@3x.png in Resources */,
				D0E536321C05921400C9CFA7 /* Default-667h@2x.png in Resources */,
				D0E7D4FF1C0D675A0099AACA /* EmailAddressCell.xib in Resources */,
				D0E535FB1C05901C00C9CFA7 /* Images.xcassets in Resources */,
				D0E7D5041C0D76D20099AACA /* PasswordCell.xib in Resources */,
				D0E5362F1C05921400C9CFA7 /* Icon-60@2x.png in Resources */,
				D0E536331C05921400C9CFA7 /* Default-736h@3x.png in Resources */,
				D0E7D5211C0EAB2D0099AACA /* NameViewCell.xib in Resources */,
				D0E5363C1C05921400C9CFA7 /* connect-tw@2x.png in Resources */,
				D0E7D50E1C0D945D0099AACA /* ForgotPasswordCell.xib in Resources */,
				D0E7D5141C0D986F0099AACA /* SignInButtonCell.xib in Resources */,
			);
			runOnlyForDeploymentPostprocessing = 0;
		};
		D0E536011C05901C00C9CFA7 /* Resources */ = {
			isa = PBXResourcesBuildPhase;
			buildActionMask = 2147483647;
			files = (
			);
			runOnlyForDeploymentPostprocessing = 0;
		};
/* End PBXResourcesBuildPhase section */

/* Begin PBXSourcesBuildPhase section */
		D0E535E61C05901C00C9CFA7 /* Sources */ = {
			isa = PBXSourcesBuildPhase;
			buildActionMask = 2147483647;
			files = (
				D0DF9FA11C11601E00CCF6AA /* SignInStatusVC.m in Sources */,
				D0E7D5251C0EDE290099AACA /* ForgotPasswordViewController.m in Sources */,
				D0DF9F921C1023B600CCF6AA /* APIClient.m in Sources */,
				D0E7D5131C0D986F0099AACA /* SignInButtonCell.m in Sources */,
				D0DF9F981C106D7200CCF6AA /* APIClient+SignUpAPI.m in Sources */,
				D0E7D4F71C0C4FEA0099AACA /* SignInViewController.m in Sources */,
				D0DF9F881C0FFBBF00CCF6AA /* SignUpButtonCell.m in Sources */,
				D0DF9F9E1C11576600CCF6AA /* UserDetails.m in Sources */,
				D0DF9F9B1C11558A00CCF6AA /* APIClient+SignInAPI.m in Sources */,
				D0E7D5201C0EAB2D0099AACA /* NameViewCell.m in Sources */,
				D0E7D4FE1C0D675A0099AACA /* EmailAddressCell.m in Sources */,
				D0E7D4FA1C0C5C670099AACA /* SignUpViewController.m in Sources */,
				D0E7D50D1C0D945D0099AACA /* ForgotPasswordCell.m in Sources */,
				D0E535F61C05901C00C9CFA7 /* WelcomeScreenController.m in Sources */,
				D0E535F31C05901C00C9CFA7 /* AppDelegate.m in Sources */,
				D0E535F01C05901C00C9CFA7 /* main.m in Sources */,
				D0DF9FA41C1191DD00CCF6AA /* APIClient+ForgotPassword.m in Sources */,
				D0E7D5181C0DA38D0099AACA /* Validations.m in Sources */,
				D0E7D5031C0D76D20099AACA /* PasswordCell.m in Sources */,
			);
			runOnlyForDeploymentPostprocessing = 0;
		};
		D0E535FF1C05901C00C9CFA7 /* Sources */ = {
			isa = PBXSourcesBuildPhase;
			buildActionMask = 2147483647;
			files = (
				D0E5360A1C05901C00C9CFA7 /* StipendTests.m in Sources */,
			);
			runOnlyForDeploymentPostprocessing = 0;
		};
/* End PBXSourcesBuildPhase section */

/* Begin PBXTargetDependency section */
		D0E536051C05901C00C9CFA7 /* PBXTargetDependency */ = {
			isa = PBXTargetDependency;
			target = D0E535E91C05901C00C9CFA7 /* Stipend */;
			targetProxy = D0E536041C05901C00C9CFA7 /* PBXContainerItemProxy */;
		};
/* End PBXTargetDependency section */

/* Begin PBXVariantGroup section */
		D0E535F71C05901C00C9CFA7 /* Main.storyboard */ = {
			isa = PBXVariantGroup;
			children = (
				D0E535F81C05901C00C9CFA7 /* Base */,
			);
			name = Main.storyboard;
			sourceTree = "<group>";
		};
		D0E535FC1C05901C00C9CFA7 /* LaunchScreen.xib */ = {
			isa = PBXVariantGroup;
			children = (
				D0E535FD1C05901C00C9CFA7 /* Base */,
			);
			name = LaunchScreen.xib;
			sourceTree = "<group>";
		};
/* End PBXVariantGroup section */

/* Begin XCBuildConfiguration section */
		D0E5360B1C05901C00C9CFA7 /* Debug */ = {
			isa = XCBuildConfiguration;
			buildSettings = {
				ALWAYS_SEARCH_USER_PATHS = NO;
				CLANG_CXX_LANGUAGE_STANDARD = "gnu++0x";
				CLANG_CXX_LIBRARY = "libc++";
				CLANG_ENABLE_MODULES = YES;
				CLANG_ENABLE_OBJC_ARC = YES;
				CLANG_WARN_BOOL_CONVERSION = YES;
				CLANG_WARN_CONSTANT_CONVERSION = YES;
				CLANG_WARN_DIRECT_OBJC_ISA_USAGE = YES_ERROR;
				CLANG_WARN_EMPTY_BODY = YES;
				CLANG_WARN_ENUM_CONVERSION = YES;
				CLANG_WARN_INT_CONVERSION = YES;
				CLANG_WARN_OBJC_ROOT_CLASS = YES_ERROR;
				CLANG_WARN_UNREACHABLE_CODE = YES;
				CLANG_WARN__DUPLICATE_METHOD_MATCH = YES;
				"CODE_SIGN_IDENTITY[sdk=iphoneos*]" = "iPhone Developer";
				COPY_PHASE_STRIP = NO;
				DEBUG_INFORMATION_FORMAT = "dwarf-with-dsym";
				ENABLE_STRICT_OBJC_MSGSEND = YES;
				GCC_C_LANGUAGE_STANDARD = gnu99;
				GCC_DYNAMIC_NO_PIC = NO;
				GCC_NO_COMMON_BLOCKS = YES;
				GCC_OPTIMIZATION_LEVEL = 0;
				GCC_PREPROCESSOR_DEFINITIONS = (
					"DEBUG=1",
					"$(inherited)",
				);
				GCC_SYMBOLS_PRIVATE_EXTERN = NO;
				GCC_WARN_64_TO_32_BIT_CONVERSION = YES;
				GCC_WARN_ABOUT_RETURN_TYPE = YES_ERROR;
				GCC_WARN_UNDECLARED_SELECTOR = YES;
				GCC_WARN_UNINITIALIZED_AUTOS = YES_AGGRESSIVE;
				GCC_WARN_UNUSED_FUNCTION = YES;
				GCC_WARN_UNUSED_VARIABLE = YES;
				IPHONEOS_DEPLOYMENT_TARGET = 8.4;
				MTL_ENABLE_DEBUG_INFO = YES;
				ONLY_ACTIVE_ARCH = YES;
				SDKROOT = iphoneos;
			};
			name = Debug;
		};
		D0E5360C1C05901C00C9CFA7 /* Release */ = {
			isa = XCBuildConfiguration;
			buildSettings = {
				ALWAYS_SEARCH_USER_PATHS = NO;
				CLANG_CXX_LANGUAGE_STANDARD = "gnu++0x";
				CLANG_CXX_LIBRARY = "libc++";
				CLANG_ENABLE_MODULES = YES;
				CLANG_ENABLE_OBJC_ARC = YES;
				CLANG_WARN_BOOL_CONVERSION = YES;
				CLANG_WARN_CONSTANT_CONVERSION = YES;
				CLANG_WARN_DIRECT_OBJC_ISA_USAGE = YES_ERROR;
				CLANG_WARN_EMPTY_BODY = YES;
				CLANG_WARN_ENUM_CONVERSION = YES;
				CLANG_WARN_INT_CONVERSION = YES;
				CLANG_WARN_OBJC_ROOT_CLASS = YES_ERROR;
				CLANG_WARN_UNREACHABLE_CODE = YES;
				CLANG_WARN__DUPLICATE_METHOD_MATCH = YES;
				"CODE_SIGN_IDENTITY[sdk=iphoneos*]" = "iPhone Developer";
				COPY_PHASE_STRIP = NO;
				DEBUG_INFORMATION_FORMAT = "dwarf-with-dsym";
				ENABLE_NS_ASSERTIONS = NO;
				ENABLE_STRICT_OBJC_MSGSEND = YES;
				GCC_C_LANGUAGE_STANDARD = gnu99;
				GCC_NO_COMMON_BLOCKS = YES;
				GCC_WARN_64_TO_32_BIT_CONVERSION = YES;
				GCC_WARN_ABOUT_RETURN_TYPE = YES_ERROR;
				GCC_WARN_UNDECLARED_SELECTOR = YES;
				GCC_WARN_UNINITIALIZED_AUTOS = YES_AGGRESSIVE;
				GCC_WARN_UNUSED_FUNCTION = YES;
				GCC_WARN_UNUSED_VARIABLE = YES;
				IPHONEOS_DEPLOYMENT_TARGET = 8.4;
				MTL_ENABLE_DEBUG_INFO = NO;
				SDKROOT = iphoneos;
				VALIDATE_PRODUCT = YES;
			};
			name = Release;
		};
		D0E5360E1C05901C00C9CFA7 /* Debug */ = {
			isa = XCBuildConfiguration;
			buildSettings = {
				ASSETCATALOG_COMPILER_APPICON_NAME = AppIcon;
				ASSETCATALOG_COMPILER_LAUNCHIMAGE_NAME = "LaunchImage-4";
				INFOPLIST_FILE = Stipend/Info.plist;
				LD_RUNPATH_SEARCH_PATHS = "$(inherited) @executable_path/Frameworks";
				PRODUCT_NAME = "$(TARGET_NAME)";
				TARGETED_DEVICE_FAMILY = "1,2";
			};
			name = Debug;
		};
		D0E5360F1C05901C00C9CFA7 /* Release */ = {
			isa = XCBuildConfiguration;
			buildSettings = {
				ASSETCATALOG_COMPILER_APPICON_NAME = AppIcon;
				ASSETCATALOG_COMPILER_LAUNCHIMAGE_NAME = "LaunchImage-4";
				INFOPLIST_FILE = Stipend/Info.plist;
				LD_RUNPATH_SEARCH_PATHS = "$(inherited) @executable_path/Frameworks";
				PRODUCT_NAME = "$(TARGET_NAME)";
				TARGETED_DEVICE_FAMILY = "1,2";
			};
			name = Release;
		};
		D0E536111C05901C00C9CFA7 /* Debug */ = {
			isa = XCBuildConfiguration;
			buildSettings = {
				BUNDLE_LOADER = "$(TEST_HOST)";
				FRAMEWORK_SEARCH_PATHS = (
					"$(SDKROOT)/Developer/Library/Frameworks",
					"$(inherited)",
				);
				GCC_PREPROCESSOR_DEFINITIONS = (
					"DEBUG=1",
					"$(inherited)",
				);
				INFOPLIST_FILE = StipendTests/Info.plist;
				LD_RUNPATH_SEARCH_PATHS = "$(inherited) @executable_path/Frameworks @loader_path/Frameworks";
				PRODUCT_NAME = "$(TARGET_NAME)";
				TEST_HOST = "$(BUILT_PRODUCTS_DIR)/Stipend.app/Stipend";
			};
			name = Debug;
		};
		D0E536121C05901C00C9CFA7 /* Release */ = {
			isa = XCBuildConfiguration;
			buildSettings = {
				BUNDLE_LOADER = "$(TEST_HOST)";
				FRAMEWORK_SEARCH_PATHS = (
					"$(SDKROOT)/Developer/Library/Frameworks",
					"$(inherited)",
				);
				INFOPLIST_FILE = StipendTests/Info.plist;
				LD_RUNPATH_SEARCH_PATHS = "$(inherited) @executable_path/Frameworks @loader_path/Frameworks";
				PRODUCT_NAME = "$(TARGET_NAME)";
				TEST_HOST = "$(BUILT_PRODUCTS_DIR)/Stipend.app/Stipend";
			};
			name = Release;
		};
/* End XCBuildConfiguration section */

/* Begin XCConfigurationList section */
		D0E535E51C05901B00C9CFA7 /* Build configuration list for PBXProject "Stipend" */ = {
			isa = XCConfigurationList;
			buildConfigurations = (
				D0E5360B1C05901C00C9CFA7 /* Debug */,
				D0E5360C1C05901C00C9CFA7 /* Release */,
			);
			defaultConfigurationIsVisible = 0;
			defaultConfigurationName = Release;
		};
		D0E5360D1C05901C00C9CFA7 /* Build configuration list for PBXNativeTarget "Stipend" */ = {
			isa = XCConfigurationList;
			buildConfigurations = (
				D0E5360E1C05901C00C9CFA7 /* Debug */,
				D0E5360F1C05901C00C9CFA7 /* Release */,
			);
			defaultConfigurationIsVisible = 0;
			defaultConfigurationName = Release;
		};
		D0E536101C05901C00C9CFA7 /* Build configuration list for PBXNativeTarget "StipendTests" */ = {
			isa = XCConfigurationList;
			buildConfigurations = (
				D0E536111C05901C00C9CFA7 /* Debug */,
				D0E536121C05901C00C9CFA7 /* Release */,
			);
			defaultConfigurationIsVisible = 0;
			defaultConfigurationName = Release;
		};
/* End XCConfigurationList section */
	};
	rootObject = D0E535E21C05901B00C9CFA7 /* Project object */;
}
